
Microsoft Visual Studio Solution File, Format Version 12.00
# Visual Studio Version 17
VisualStudioVersion = 17.8.34525.116
MinimumVisualStudioVersion = 10.0.40219.1
Project("{2150E333-8FDC-42A3-9474-1A3956D46DE8}") = "src", "src", "{ED77AF4A-98ED-4705-AADC-45383525BFF6}"
EndProject
Project("{2150E333-8FDC-42A3-9474-1A3956D46DE8}") = "tests", "tests", "{D161E6EC-9018-4300-A481-40213EFA5D77}"
EndProject
Project("{2150E333-8FDC-42A3-9474-1A3956D46DE8}") = "Application", "Application", "{FCDC001F-E597-45F0-85EE-292C3CE4ABC8}"
EndProject
Project("{2150E333-8FDC-42A3-9474-1A3956D46DE8}") = "Core", "Core", "{B5D2DB49-13C9-41F2-8CC6-176EB784E375}"
EndProject
Project("{2150E333-8FDC-42A3-9474-1A3956D46DE8}") = "Infrastructure", "Infrastructure", "{2CD92FAD-71FB-47EC-BBC1-917340154BBF}"
EndProject
Project("{9A19103F-16F7-4668-BE54-9A1E7A4F7556}") = "HR.LeaveManagement.Domain", "HR.LeaveManagement.Domain\HR.LeaveManagement.Domain.csproj", "{D99FACD7-445F-4C23-ABFA-8C27C2F05434}"
EndProject
Project("{9A19103F-16F7-4668-BE54-9A1E7A4F7556}") = "HR.LeaveManagement.Application", "HR.LeaveManagement.Application\HR.LeaveManagement.Application.csproj", "{0A90FE89-C306-483C-ACA9-84B5BB40BD07}"
EndProject
Project("{FAE04EC0-301F-11D3-BF4B-00C04F79EFBC}") = "HR.LeaveManagement.Persistence", "HR.LeaveManagement.Persistence\HR.LeaveManagement.Persistence.csproj", "{7FEED169-BADD-46E5-A676-D64143D637A9}"
EndProject
Project("{FAE04EC0-301F-11D3-BF4B-00C04F79EFBC}") = "HR.LeaveManagement.Infrastructure", "HR.LeaveManagement.Infrastructure\HR.LeaveManagement.Infrastructure.csproj", "{A67F41CF-5595-4178-8EF6-3150CB56D5AA}"
EndProject
Global
	GlobalSection(SolutionConfigurationPlatforms) = preSolution
		Debug|Any CPU = Debug|Any CPU
		Release|Any CPU = Release|Any CPU
	EndGlobalSection
	GlobalSection(ProjectConfigurationPlatforms) = postSolution
		{D99FACD7-445F-4C23-ABFA-8C27C2F05434}.Debug|Any CPU.ActiveCfg = Debug|Any CPU
		{D99FACD7-445F-4C23-ABFA-8C27C2F05434}.Debug|Any CPU.Build.0 = Debug|Any CPU
		{D99FACD7-445F-4C23-ABFA-8C27C2F05434}.Release|Any CPU.ActiveCfg = Release|Any CPU
		{D99FACD7-445F-4C23-ABFA-8C27C2F05434}.Release|Any CPU.Build.0 = Release|Any CPU
		{0A90FE89-C306-483C-ACA9-84B5BB40BD07}.Debug|Any CPU.ActiveCfg = Debug|Any CPU
		{0A90FE89-C306-483C-ACA9-84B5BB40BD07}.Debug|Any CPU.Build.0 = Debug|Any CPU
		{0A90FE89-C306-483C-ACA9-84B5BB40BD07}.Release|Any CPU.ActiveCfg = Release|Any CPU
		{0A90FE89-C306-483C-ACA9-84B5BB40BD07}.Release|Any CPU.Build.0 = Release|Any CPU
		{7FEED169-BADD-46E5-A676-D64143D637A9}.Debug|Any CPU.ActiveCfg = Debug|Any CPU
		{7FEED169-BADD-46E5-A676-D64143D637A9}.Debug|Any CPU.Build.0 = Debug|Any CPU
		{7FEED169-BADD-46E5-A676-D64143D637A9}.Release|Any CPU.ActiveCfg = Release|Any CPU
		{7FEED169-BADD-46E5-A676-D64143D637A9}.Release|Any CPU.Build.0 = Release|Any CPU
		{A67F41CF-5595-4178-8EF6-3150CB56D5AA}.Debug|Any CPU.ActiveCfg = Debug|Any CPU
		{A67F41CF-5595-4178-8EF6-3150CB56D5AA}.Debug|Any CPU.Build.0 = Debug|Any CPU
		{A67F41CF-5595-4178-8EF6-3150CB56D5AA}.Release|Any CPU.ActiveCfg = Release|Any CPU
		{A67F41CF-5595-4178-8EF6-3150CB56D5AA}.Release|Any CPU.Build.0 = Release|Any CPU
	EndGlobalSection
	GlobalSection(SolutionProperties) = preSolution
		HideSolutionNode = FALSE
	EndGlobalSection
	GlobalSection(NestedProjects) = preSolution
		{FCDC001F-E597-45F0-85EE-292C3CE4ABC8} = {ED77AF4A-98ED-4705-AADC-45383525BFF6}
		{B5D2DB49-13C9-41F2-8CC6-176EB784E375} = {ED77AF4A-98ED-4705-AADC-45383525BFF6}
		{2CD92FAD-71FB-47EC-BBC1-917340154BBF} = {ED77AF4A-98ED-4705-AADC-45383525BFF6}
		{D99FACD7-445F-4C23-ABFA-8C27C2F05434} = {B5D2DB49-13C9-41F2-8CC6-176EB784E375}
		{0A90FE89-C306-483C-ACA9-84B5BB40BD07} = {B5D2DB49-13C9-41F2-8CC6-176EB784E375}
		{7FEED169-BADD-46E5-A676-D64143D637A9} = {2CD92FAD-71FB-47EC-BBC1-917340154BBF}
		{A67F41CF-5595-4178-8EF6-3150CB56D5AA} = {2CD92FAD-71FB-47EC-BBC1-917340154BBF}
	EndGlobalSection
	GlobalSection(ExtensibilityGlobals) = postSolution
		SolutionGuid = {734A3094-4AF3-460B-B3A7-1A16128E58AA}
	EndGlobalSection
EndGlobal
